
Microsoft Visual Studio Solution File, Format Version 12.00
# Visual Studio Version 16
VisualStudioVersion = 16.0.30709.132
MinimumVisualStudioVersion = 10.0.40219.1
Project("{FAE04EC0-301F-11D3-BF4B-00C04F79EFBC}") = "FocusCenterPRChecker", "FocusCenterPRChecker.csproj", "{CEB49970-0DCD-4CAF-A0F3-D98A7F0260FC}"
EndProject
Global
	GlobalSection(SolutionConfigurationPlatforms) = preSolution
		Debug|Any CPU = Debug|Any CPU
		Release|Any CPU = Release|Any CPU
	EndGlobalSection
	GlobalSection(ProjectConfigurationPlatforms) = postSolution
		{CEB49970-0DCD-4CAF-A0F3-D98A7F0260FC}.Debug|Any CPU.ActiveCfg = Debug|Any CPU
		{CEB49970-0DCD-4CAF-A0F3-D98A7F0260FC}.Debug|Any CPU.Build.0 = Debug|Any CPU
		{CEB49970-0DCD-4CAF-A0F3-D98A7F0260FC}.Release|Any CPU.ActiveCfg = Release|Any CPU
		{CEB49970-0DCD-4CAF-A0F3-D98A7F0260FC}.Release|Any CPU.Build.0 = Release|Any CPU
	EndGlobalSection
	GlobalSection(SolutionProperties) = preSolution
		HideSolutionNode = FALSE
	EndGlobalSection
	GlobalSection(ExtensibilityGlobals) = postSolution
		SolutionGuid = {9D9F8457-914F-42E5-8FDD-4235B4DCE1EC}
	EndGlobalSection
EndGlobal
