
Microsoft Visual Studio Solution File, Format Version 12.00
# Visual Studio Version 16
VisualStudioVersion = 16.0.32228.343
MinimumVisualStudioVersion = 10.0.40219.1
Project("{151D2E53-A2C4-4D7D-83FE-D05416EBD58E}") = "Pipelines", "Pipelines.deployproj", "{76847B46-0DB9-4F03-84EC-EB640B37459A}"
EndProject
Global
	GlobalSection(SolutionConfigurationPlatforms) = preSolution
		Debug|Any CPU = Debug|Any CPU
		Release|Any CPU = Release|Any CPU
	EndGlobalSection
	GlobalSection(ProjectConfigurationPlatforms) = postSolution
		{76847B46-0DB9-4F03-84EC-EB640B37459A}.Debug|Any CPU.ActiveCfg = Debug|Any CPU
		{76847B46-0DB9-4F03-84EC-EB640B37459A}.Debug|Any CPU.Build.0 = Debug|Any CPU
		{76847B46-0DB9-4F03-84EC-EB640B37459A}.Release|Any CPU.ActiveCfg = Release|Any CPU
		{76847B46-0DB9-4F03-84EC-EB640B37459A}.Release|Any CPU.Build.0 = Release|Any CPU
	EndGlobalSection
	GlobalSection(SolutionProperties) = preSolution
		HideSolutionNode = FALSE
	EndGlobalSection
	GlobalSection(ExtensibilityGlobals) = postSolution
		SolutionGuid = {1C015CCA-C412-4815-BDC6-CA86B3B1D1A9}
	EndGlobalSection
EndGlobal
